
Microsoft Visual Studio Solution File, Format Version 12.00
# Visual Studio Version 17
VisualStudioVersion = 17.4.33122.133
MinimumVisualStudioVersion = 10.0.40219.1
Project("{FAE04EC0-301F-11D3-BF4B-00C04F79EFBC}") = "uc2-exceptionforinvalidmood", "uc2-exceptionforinvalidmood.csproj", "{4A814001-3119-49F2-B59E-93954D55B98D}"
EndProject
Global
	GlobalSection(SolutionConfigurationPlatforms) = preSolution
		Debug|Any CPU = Debug|Any CPU
		Release|Any CPU = Release|Any CPU
	EndGlobalSection
	GlobalSection(ProjectConfigurationPlatforms) = postSolution
		{4A814001-3119-49F2-B59E-93954D55B98D}.Debug|Any CPU.ActiveCfg = Debug|Any CPU
		{4A814001-3119-49F2-B59E-93954D55B98D}.Debug|Any CPU.Build.0 = Debug|Any CPU
		{4A814001-3119-49F2-B59E-93954D55B98D}.Release|Any CPU.ActiveCfg = Release|Any CPU
		{4A814001-3119-49F2-B59E-93954D55B98D}.Release|Any CPU.Build.0 = Release|Any CPU
	EndGlobalSection
	GlobalSection(SolutionProperties) = preSolution
		HideSolutionNode = FALSE
	EndGlobalSection
	GlobalSection(ExtensibilityGlobals) = postSolution
		SolutionGuid = {10A186E9-1353-405E-A771-6F5EA353090E}
	EndGlobalSection
EndGlobal
