
Microsoft Visual Studio Solution File, Format Version 12.00
# Visual Studio Version 17
VisualStudioVersion = 17.4.33122.133
MinimumVisualStudioVersion = 10.0.40219.1
Project("{FAE04EC0-301F-11D3-BF4B-00C04F79EFBC}") = "UC3-CustomExceptionsTestCases", "UC3-CustomExceptionsTestCases.csproj", "{42A36031-B049-41BD-A8FD-78A9BDC9841C}"
EndProject
Global
	GlobalSection(SolutionConfigurationPlatforms) = preSolution
		Debug|Any CPU = Debug|Any CPU
		Release|Any CPU = Release|Any CPU
	EndGlobalSection
	GlobalSection(ProjectConfigurationPlatforms) = postSolution
		{42A36031-B049-41BD-A8FD-78A9BDC9841C}.Debug|Any CPU.ActiveCfg = Debug|Any CPU
		{42A36031-B049-41BD-A8FD-78A9BDC9841C}.Debug|Any CPU.Build.0 = Debug|Any CPU
		{42A36031-B049-41BD-A8FD-78A9BDC9841C}.Release|Any CPU.ActiveCfg = Release|Any CPU
		{42A36031-B049-41BD-A8FD-78A9BDC9841C}.Release|Any CPU.Build.0 = Release|Any CPU
	EndGlobalSection
	GlobalSection(SolutionProperties) = preSolution
		HideSolutionNode = FALSE
	EndGlobalSection
	GlobalSection(ExtensibilityGlobals) = postSolution
		SolutionGuid = {AAE4369A-AAAC-460E-9337-5E30A146CCED}
	EndGlobalSection
EndGlobal
