
Microsoft Visual Studio Solution File, Format Version 12.00
# Visual Studio Version 17
VisualStudioVersion = 17.4.33122.133
MinimumVisualStudioVersion = 10.0.40219.1
Project("{FAE04EC0-301F-11D3-BF4B-00C04F79EFBC}") = "uc4-reflectionwithdefaultconstructor", "uc4-reflectionwithdefaultconstructor.csproj", "{49C36418-4875-46AB-A855-E317B5F14448}"
EndProject
Global
	GlobalSection(SolutionConfigurationPlatforms) = preSolution
		Debug|Any CPU = Debug|Any CPU
		Release|Any CPU = Release|Any CPU
	EndGlobalSection
	GlobalSection(ProjectConfigurationPlatforms) = postSolution
		{49C36418-4875-46AB-A855-E317B5F14448}.Debug|Any CPU.ActiveCfg = Debug|Any CPU
		{49C36418-4875-46AB-A855-E317B5F14448}.Debug|Any CPU.Build.0 = Debug|Any CPU
		{49C36418-4875-46AB-A855-E317B5F14448}.Release|Any CPU.ActiveCfg = Release|Any CPU
		{49C36418-4875-46AB-A855-E317B5F14448}.Release|Any CPU.Build.0 = Release|Any CPU
	EndGlobalSection
	GlobalSection(SolutionProperties) = preSolution
		HideSolutionNode = FALSE
	EndGlobalSection
	GlobalSection(ExtensibilityGlobals) = postSolution
		SolutionGuid = {55E1A51D-2F92-4427-865B-6D062E6A1886}
	EndGlobalSection
EndGlobal
